
Microsoft Visual Studio Solution File, Format Version 12.00
# Visual Studio Version 16
VisualStudioVersion = 16.0.30621.155
MinimumVisualStudioVersion = 10.0.40219.1
Project("{9A19103F-16F7-4668-BE54-9A1E7A4F7556}") = "Curso_DotNet_MVC", "Curso_DotNet_MVC\Curso_DotNet_MVC.csproj", "{A1BDF549-17DB-494B-8BDB-39055318F762}"
EndProject
Project("{9A19103F-16F7-4668-BE54-9A1E7A4F7556}") = "CursoAPI", "CursoAPI\CursoAPI.csproj", "{90EB8D96-2E1A-4CDC-B405-2E4D3F8E2FE5}"
EndProject
Project("{FAE04EC0-301F-11D3-BF4B-00C04F79EFBC}") = "TestApp", "TestApp\TestApp.csproj", "{F8AF631A-5AE1-4154-9910-C8A60BDA085E}"
EndProject
Global
	GlobalSection(SolutionConfigurationPlatforms) = preSolution
		Debug|Any CPU = Debug|Any CPU
		Release|Any CPU = Release|Any CPU
	EndGlobalSection
	GlobalSection(ProjectConfigurationPlatforms) = postSolution
		{A1BDF549-17DB-494B-8BDB-39055318F762}.Debug|Any CPU.ActiveCfg = Debug|Any CPU
		{A1BDF549-17DB-494B-8BDB-39055318F762}.Debug|Any CPU.Build.0 = Debug|Any CPU
		{A1BDF549-17DB-494B-8BDB-39055318F762}.Release|Any CPU.ActiveCfg = Release|Any CPU
		{A1BDF549-17DB-494B-8BDB-39055318F762}.Release|Any CPU.Build.0 = Release|Any CPU
		{90EB8D96-2E1A-4CDC-B405-2E4D3F8E2FE5}.Debug|Any CPU.ActiveCfg = Debug|Any CPU
		{90EB8D96-2E1A-4CDC-B405-2E4D3F8E2FE5}.Debug|Any CPU.Build.0 = Debug|Any CPU
		{90EB8D96-2E1A-4CDC-B405-2E4D3F8E2FE5}.Release|Any CPU.ActiveCfg = Release|Any CPU
		{90EB8D96-2E1A-4CDC-B405-2E4D3F8E2FE5}.Release|Any CPU.Build.0 = Release|Any CPU
		{F8AF631A-5AE1-4154-9910-C8A60BDA085E}.Debug|Any CPU.ActiveCfg = Debug|Any CPU
		{F8AF631A-5AE1-4154-9910-C8A60BDA085E}.Debug|Any CPU.Build.0 = Debug|Any CPU
		{F8AF631A-5AE1-4154-9910-C8A60BDA085E}.Release|Any CPU.ActiveCfg = Release|Any CPU
		{F8AF631A-5AE1-4154-9910-C8A60BDA085E}.Release|Any CPU.Build.0 = Release|Any CPU
	EndGlobalSection
	GlobalSection(SolutionProperties) = preSolution
		HideSolutionNode = FALSE
	EndGlobalSection
	GlobalSection(ExtensibilityGlobals) = postSolution
		SolutionGuid = {6AAD64DA-6EF4-43BF-BF15-D5E9C09E1689}
	EndGlobalSection
EndGlobal
